PODS:
  - Nimble (5.1.1)
  - Quick (1.0.0)
  - Spider (0.1.0)

DEPENDENCIES:
  - Nimble
  - Quick
  - Spider (from `../`)

EXTERNAL SOURCES:
  Spider:
    :path: "../"

SPEC CHECKSUMS:
  Nimble: 415e3aa3267e7bc2c96b05fa814ddea7bb686a29
  Quick: 8024e4a47e6cc03a9d5245ef0948264fc6d27cff
  Spider: b51e55b6c28c75d1d4b91811d2f6f8561596800e

PODFILE CHECKSUM: 1eb580cd97e6b0272d98e26a5f3fbee520814eb1

COCOAPODS: 1.2.0.beta.3
